
Microsoft Visual Studio Solution File, Format Version 12.00
# Visual Studio 14
VisualStudioVersion = 14.0.25420.1
MinimumVisualStudioVersion = 10.0.40219.1
Project("{2150E333-8FDC-42A3-9474-1A3956D46DE8}") = "Core", "Core", "{542F45F1-A6EC-42FC-820D-A46D4D340902}"
EndProject
Project("{FAE04EC0-301F-11D3-BF4B-00C04F79EFBC}") = "YH.Core", "YH.Core\YH.Core.csproj", "{D97482BF-2A63-4C77-8B9C-AE5072B5CDC2}"
EndProject
Project("{2150E333-8FDC-42A3-9474-1A3956D46DE8}") = "Service", "Service", "{AEECFD76-4221-45A3-9189-01E02C50EEB6}"
EndProject
Project("{FAE04EC0-301F-11D3-BF4B-00C04F79EFBC}") = "YH.Service", "YH.Service\YH.Service\YH.Service.csproj", "{C59CBDEF-5724-49D2-917C-E6D1942ADD24}"
EndProject
Project("{2150E333-8FDC-42A3-9474-1A3956D46DE8}") = "Face", "Face", "{6A16475A-4DEF-4F67-B41E-DACB0F081FD3}"
EndProject
Project("{FAE04EC0-301F-11D3-BF4B-00C04F79EFBC}") = "YH.Face", "YH.Face\YH.Face\YH.Face.csproj", "{91E17673-1A9B-4659-B02C-AC7FA6B35D51}"
EndProject
Project("{2150E333-8FDC-42A3-9474-1A3956D46DE8}") = "UnitTest", "UnitTest", "{B858D697-605A-4AF1-B521-3BEEE6C4C550}"
EndProject
Project("{FAE04EC0-301F-11D3-BF4B-00C04F79EFBC}") = "UnitTest", "YH.UnitTest\UnitTest\UnitTest.csproj", "{FD05F01E-CD39-4347-8316-5B2FAA7F54A8}"
EndProject
Project("{2150E333-8FDC-42A3-9474-1A3956D46DE8}") = "MVC", "MVC", "{0CEAE8DD-88CF-4C50-82C5-86DA4238282F}"
EndProject
Project("{FAE04EC0-301F-11D3-BF4B-00C04F79EFBC}") = "YH.MVC", "YH.MVC\YH.MVC\YH.MVC.csproj", "{51707D30-DE44-41F5-AEE1-F23EFB48622E}"
EndProject
Project("{2150E333-8FDC-42A3-9474-1A3956D46DE8}") = "Utils", "Utils", "{651BE2EB-A8C9-4CA9-A3C5-591DB0EE8EB2}"
EndProject
Project("{FAE04EC0-301F-11D3-BF4B-00C04F79EFBC}") = "YH.Utils", "YH.Utils\YH.Utils\YH.Utils.csproj", "{5E6F2129-78B4-42EC-85D2-F20E84D7632D}"
EndProject
Global
	GlobalSection(SolutionConfigurationPlatforms) = preSolution
		Debug|Any CPU = Debug|Any CPU
		Release|Any CPU = Release|Any CPU
	EndGlobalSection
	GlobalSection(ProjectConfigurationPlatforms) = postSolution
		{D97482BF-2A63-4C77-8B9C-AE5072B5CDC2}.Debug|Any CPU.ActiveCfg = Debug|Any CPU
		{D97482BF-2A63-4C77-8B9C-AE5072B5CDC2}.Debug|Any CPU.Build.0 = Debug|Any CPU
		{D97482BF-2A63-4C77-8B9C-AE5072B5CDC2}.Release|Any CPU.ActiveCfg = Release|Any CPU
		{D97482BF-2A63-4C77-8B9C-AE5072B5CDC2}.Release|Any CPU.Build.0 = Release|Any CPU
		{C59CBDEF-5724-49D2-917C-E6D1942ADD24}.Debug|Any CPU.ActiveCfg = Debug|Any CPU
		{C59CBDEF-5724-49D2-917C-E6D1942ADD24}.Debug|Any CPU.Build.0 = Debug|Any CPU
		{C59CBDEF-5724-49D2-917C-E6D1942ADD24}.Release|Any CPU.ActiveCfg = Release|Any CPU
		{C59CBDEF-5724-49D2-917C-E6D1942ADD24}.Release|Any CPU.Build.0 = Release|Any CPU
		{91E17673-1A9B-4659-B02C-AC7FA6B35D51}.Debug|Any CPU.ActiveCfg = Debug|Any CPU
		{91E17673-1A9B-4659-B02C-AC7FA6B35D51}.Debug|Any CPU.Build.0 = Debug|Any CPU
		{91E17673-1A9B-4659-B02C-AC7FA6B35D51}.Release|Any CPU.ActiveCfg = Release|Any CPU
		{91E17673-1A9B-4659-B02C-AC7FA6B35D51}.Release|Any CPU.Build.0 = Release|Any CPU
		{FD05F01E-CD39-4347-8316-5B2FAA7F54A8}.Debug|Any CPU.ActiveCfg = Debug|Any CPU
		{FD05F01E-CD39-4347-8316-5B2FAA7F54A8}.Debug|Any CPU.Build.0 = Debug|Any CPU
		{FD05F01E-CD39-4347-8316-5B2FAA7F54A8}.Release|Any CPU.ActiveCfg = Release|Any CPU
		{FD05F01E-CD39-4347-8316-5B2FAA7F54A8}.Release|Any CPU.Build.0 = Release|Any CPU
		{51707D30-DE44-41F5-AEE1-F23EFB48622E}.Debug|Any CPU.ActiveCfg = Debug|Any CPU
		{51707D30-DE44-41F5-AEE1-F23EFB48622E}.Debug|Any CPU.Build.0 = Debug|Any CPU
		{51707D30-DE44-41F5-AEE1-F23EFB48622E}.Release|Any CPU.ActiveCfg = Release|Any CPU
		{51707D30-DE44-41F5-AEE1-F23EFB48622E}.Release|Any CPU.Build.0 = Release|Any CPU
		{5E6F2129-78B4-42EC-85D2-F20E84D7632D}.Debug|Any CPU.ActiveCfg = Debug|Any CPU
		{5E6F2129-78B4-42EC-85D2-F20E84D7632D}.Debug|Any CPU.Build.0 = Debug|Any CPU
		{5E6F2129-78B4-42EC-85D2-F20E84D7632D}.Release|Any CPU.ActiveCfg = Release|Any CPU
		{5E6F2129-78B4-42EC-85D2-F20E84D7632D}.Release|Any CPU.Build.0 = Release|Any CPU
	EndGlobalSection
	GlobalSection(SolutionProperties) = preSolution
		HideSolutionNode = FALSE
	EndGlobalSection
	GlobalSection(NestedProjects) = preSolution
		{D97482BF-2A63-4C77-8B9C-AE5072B5CDC2} = {542F45F1-A6EC-42FC-820D-A46D4D340902}
		{C59CBDEF-5724-49D2-917C-E6D1942ADD24} = {AEECFD76-4221-45A3-9189-01E02C50EEB6}
		{91E17673-1A9B-4659-B02C-AC7FA6B35D51} = {6A16475A-4DEF-4F67-B41E-DACB0F081FD3}
		{FD05F01E-CD39-4347-8316-5B2FAA7F54A8} = {B858D697-605A-4AF1-B521-3BEEE6C4C550}
		{51707D30-DE44-41F5-AEE1-F23EFB48622E} = {0CEAE8DD-88CF-4C50-82C5-86DA4238282F}
		{5E6F2129-78B4-42EC-85D2-F20E84D7632D} = {651BE2EB-A8C9-4CA9-A3C5-591DB0EE8EB2}
	EndGlobalSection
EndGlobal
